
Microsoft Visual Studio Solution File, Format Version 12.00
# Visual Studio Version 17
VisualStudioVersion = 17.5.33516.290
MinimumVisualStudioVersion = 10.0.40219.1
Project("{FAE04EC0-301F-11D3-BF4B-00C04F79EFBC}") = "Remove Duplicates From Sorted Array II", "Remove Duplicates From Sorted Array II.csproj", "{E9EE453C-DB86-495B-9152-DC8E9F016F96}"
EndProject
Global
	GlobalSection(SolutionConfigurationPlatforms) = preSolution
		Debug|Any CPU = Debug|Any CPU
		Release|Any CPU = Release|Any CPU
	EndGlobalSection
	GlobalSection(ProjectConfigurationPlatforms) = postSolution
		{E9EE453C-DB86-495B-9152-DC8E9F016F96}.Debug|Any CPU.ActiveCfg = Debug|Any CPU
		{E9EE453C-DB86-495B-9152-DC8E9F016F96}.Debug|Any CPU.Build.0 = Debug|Any CPU
		{E9EE453C-DB86-495B-9152-DC8E9F016F96}.Release|Any CPU.ActiveCfg = Release|Any CPU
		{E9EE453C-DB86-495B-9152-DC8E9F016F96}.Release|Any CPU.Build.0 = Release|Any CPU
	EndGlobalSection
	GlobalSection(SolutionProperties) = preSolution
		HideSolutionNode = FALSE
	EndGlobalSection
	GlobalSection(ExtensibilityGlobals) = postSolution
		SolutionGuid = {3E7D038D-8FC0-4059-B878-C140F3E68747}
	EndGlobalSection
EndGlobal
