
Microsoft Visual Studio Solution File, Format Version 12.00
# Visual Studio Version 17
VisualStudioVersion = 17.5.33516.290
MinimumVisualStudioVersion = 10.0.40219.1
Project("{FAE04EC0-301F-11D3-BF4B-00C04F79EFBC}") = "Rotate Array", "Rotate Array.csproj", "{F2FDAE08-F262-4974-A1A4-656B87F86BBA}"
EndProject
Global
	GlobalSection(SolutionConfigurationPlatforms) = preSolution
		Debug|Any CPU = Debug|Any CPU
		Release|Any CPU = Release|Any CPU
	EndGlobalSection
	GlobalSection(ProjectConfigurationPlatforms) = postSolution
		{F2FDAE08-F262-4974-A1A4-656B87F86BBA}.Debug|Any CPU.ActiveCfg = Debug|Any CPU
		{F2FDAE08-F262-4974-A1A4-656B87F86BBA}.Debug|Any CPU.Build.0 = Debug|Any CPU
		{F2FDAE08-F262-4974-A1A4-656B87F86BBA}.Release|Any CPU.ActiveCfg = Release|Any CPU
		{F2FDAE08-F262-4974-A1A4-656B87F86BBA}.Release|Any CPU.Build.0 = Release|Any CPU
	EndGlobalSection
	GlobalSection(SolutionProperties) = preSolution
		HideSolutionNode = FALSE
	EndGlobalSection
	GlobalSection(ExtensibilityGlobals) = postSolution
		SolutionGuid = {7C2068A2-9303-4F55-9BFA-3F3EDCDEA97B}
	EndGlobalSection
EndGlobal
